
Microsoft Visual Studio Solution File, Format Version 12.00
# Visual Studio Version 16
VisualStudioVersion = 16.0.30907.101
MinimumVisualStudioVersion = 10.0.40219.1
Project("{FAE04EC0-301F-11D3-BF4B-00C04F79EFBC}") = "WindowsFormsApp1", "WindowsFormsApp1\WindowsFormsApp1.csproj", "{CDBCD6DA-6DE1-48DF-9E57-621BD99E892A}"
EndProject
Global
	GlobalSection(SolutionConfigurationPlatforms) = preSolution
		Debug|Any CPU = Debug|Any CPU
		Release|Any CPU = Release|Any CPU
	EndGlobalSection
	GlobalSection(ProjectConfigurationPlatforms) = postSolution
		{CDBCD6DA-6DE1-48DF-9E57-621BD99E892A}.Debug|Any CPU.ActiveCfg = Debug|Any CPU
		{CDBCD6DA-6DE1-48DF-9E57-621BD99E892A}.Debug|Any CPU.Build.0 = Debug|Any CPU
		{CDBCD6DA-6DE1-48DF-9E57-621BD99E892A}.Release|Any CPU.ActiveCfg = Release|Any CPU
		{CDBCD6DA-6DE1-48DF-9E57-621BD99E892A}.Release|Any CPU.Build.0 = Release|Any CPU
	EndGlobalSection
	GlobalSection(SolutionProperties) = preSolution
		HideSolutionNode = FALSE
	EndGlobalSection
	GlobalSection(ExtensibilityGlobals) = postSolution
		SolutionGuid = {0F34BB40-0104-4AE7-88CB-90C20F25D694}
	EndGlobalSection
EndGlobal
